
Microsoft Visual Studio Solution File, Format Version 12.00
# Visual Studio Version 17
VisualStudioVersion = 17.7.34003.232
MinimumVisualStudioVersion = 10.0.40219.1
Project("{FAE04EC0-301F-11D3-BF4B-00C04F79EFBC}") = "MvcMovie", "MvcMovie\MvcMovie.csproj", "{FF98CCDD-8DF2-4DFE-AEFC-7D4E0E686369}"
EndProject
Global
	GlobalSection(SolutionConfigurationPlatforms) = preSolution
		Debug|Any CPU = Debug|Any CPU
		Release|Any CPU = Release|Any CPU
	EndGlobalSection
	GlobalSection(ProjectConfigurationPlatforms) = postSolution
		{FF98CCDD-8DF2-4DFE-AEFC-7D4E0E686369}.Debug|Any CPU.ActiveCfg = Debug|Any CPU
		{FF98CCDD-8DF2-4DFE-AEFC-7D4E0E686369}.Debug|Any CPU.Build.0 = Debug|Any CPU
		{FF98CCDD-8DF2-4DFE-AEFC-7D4E0E686369}.Release|Any CPU.ActiveCfg = Release|Any CPU
		{FF98CCDD-8DF2-4DFE-AEFC-7D4E0E686369}.Release|Any CPU.Build.0 = Release|Any CPU
	EndGlobalSection
	GlobalSection(SolutionProperties) = preSolution
		HideSolutionNode = FALSE
	EndGlobalSection
	GlobalSection(ExtensibilityGlobals) = postSolution
		SolutionGuid = {D0A3120E-5F9D-4C4E-9879-872A181A1180}
	EndGlobalSection
EndGlobal
